[[package]]
name = "waitress"
version = "2.0.0"
description = "Waitress WSGI server"
category = "main"
optional = false
python-versions = ">=3.6.0"

[package.extras]
docs = ["Sphinx (>=1.8.1)", "docutils", "pylons-sphinx-themes (>=1.0.9)"]
testing = ["pytest", "pytest-cover", "coverage (>=5.0)"]

[metadata]
lock-version = "1.1"
python-versions = "^3.8"
content-hash = "7f76b3beee80cb8378ae4a12b66ef5bcaf63cfcd04dc37ac5071599acb82ac96"

[metadata.files]
waitress = [
    {file = "waitress-2.0.0-py3-none-any.whl", hash = "sha256:29af5a53e9fb4e158f525367678b50053808ca6c21ba585754c77d790008c746"},
    {file = "waitress-2.0.0.tar.gz", hash = "sha256:69e1f242c7f80273490d3403c3976f3ac3b26e289856936d1f620ed48f321897"},
]
